// !$*UTF8*$!
{
	archiveVersion = 1;
	classes = {
	};
	objectVersion = 55;
	objects = {

/* Begin PBXBuildFile section */
		71DB6E3F274BA7DA000DB4AF /* Settings.swift in Sources */ = {isa = PBXBuildFile; fileRef = 71DB6E3E274BA7DA000DB4AF /* Settings.swift */; };
		71DB6E41274C1B86000DB4AF /* BarraPreferiti.swift in Sources */ = {isa = PBXBuildFile; fileRef = 71DB6E40274C1B86000DB4AF /* BarraPreferiti.swift */; };
		71DB6E44274C276F000DB4AF /* FavoritesView.swift in Sources */ = {isa = PBXBuildFile; fileRef = 71DB6E43274C276F000DB4AF /* FavoritesView.swift */; };
		71DB6E47274CDFAD000DB4AF /* RandomRecipeView.swift in Sources */ = {isa = PBXBuildFile; fileRef = 71DB6E46274CDFAD000DB4AF /* RandomRecipeView.swift */; };
		71DB6E49274D0875000DB4AF /* FullRecipe.swift in Sources */ = {isa = PBXBuildFile; fileRef = 71DB6E48274D0875000DB4AF /* FullRecipe.swift */; };
		71DB6E4B274D25A1000DB4AF /* Ricetta.swift in Sources */ = {isa = PBXBuildFile; fileRef = 71DB6E4A274D25A1000DB4AF /* Ricetta.swift */; };
		71DB6E4D274D25B7000DB4AF /* RicettaStore.swift in Sources */ = {isa = PBXBuildFile; fileRef = 71DB6E4C274D25B7000DB4AF /* RicettaStore.swift */; };
		71FBDCCA274801B600398E07 /* HungrifyApp.swift in Sources */ = {isa = PBXBuildFile; fileRef = 71FBDCC9274801B600398E07 /* HungrifyApp.swift */; };
		71FBDCCC274801B600398E07 /* RecipesView.swift in Sources */ = {isa = PBXBuildFile; fileRef = 71FBDCCB274801B600398E07 /* RecipesView.swift */; };
		71FBDCCE274801B800398E07 /* Assets.xcassets in Resources */ = {isa = PBXBuildFile; fileRef = 71FBDCCD274801B800398E07 /* Assets.xcassets */; };
		71FBDCD1274801B800398E07 /* Preview Assets.xcassets in Resources */ = {isa = PBXBuildFile; fileRef = 71FBDCD0274801B800398E07 /* Preview Assets.xcassets */; };
		71FBDCD827491DF000398E07 /* OnBoardingView.swift in Sources */ = {isa = PBXBuildFile; fileRef = 71FBDCD727491DF000398E07 /* OnBoardingView.swift */; };
		71FBDCDC274B922000398E07 /* FilterButtonView.swift in Sources */ = {isa = PBXBuildFile; fileRef = 71FBDCDB274B922000398E07 /* FilterButtonView.swift */; };
/* End PBXBuildFile section */

/* Begin PBXFileReference section */
		71DB6E3E274BA7DA000DB4AF /* Settings.swift */ = {isa = PBXFileReference; lastKnownFileType = sourcecode.swift; path = Settings.swift; sourceTree = "<group>"; };
		71DB6E40274C1B86000DB4AF /* BarraPreferiti.swift */ = {isa = PBXFileReference; lastKnownFileType = sourcecode.swift; path = BarraPreferiti.swift; sourceTree = "<group>"; };
		71DB6E43274C276F000DB4AF /* FavoritesView.swift */ = {isa = PBXFileReference; lastKnownFileType = sourcecode.swift; path = FavoritesView.swift; sourceTree = "<group>"; };
		71DB6E46274CDFAD000DB4AF /* RandomRecipeView.swift */ = {isa = PBXFileReference; lastKnownFileType = sourcecode.swift; path = RandomRecipeView.swift; sourceTree = "<group>"; };
		71DB6E48274D0875000DB4AF /* FullRecipe.swift */ = {isa = PBXFileReference; lastKnownFileType = sourcecode.swift; path = FullRecipe.swift; sourceTree = "<group>"; };
		71DB6E4A274D25A1000DB4AF /* Ricetta.swift */ = {isa = PBXFileReference; lastKnownFileType = sourcecode.swift; path = Ricetta.swift; sourceTree = "<group>"; };
		71DB6E4C274D25B7000DB4AF /* RicettaStore.swift */ = {isa = PBXFileReference; lastKnownFileType = sourcecode.swift; path = RicettaStore.swift; sourceTree = "<group>"; };
		71FBDCC6274801B600398E07 /* Hungrify.app */ = {isa = PBXFileReference; explicitFileType = wrapper.application; includeInIndex = 0; path = Hungrify.app; sourceTree = BUILT_PRODUCTS_DIR; };
		71FBDCC9274801B600398E07 /* HungrifyApp.swift */ = {isa = PBXFileReference; lastKnownFileType = sourcecode.swift; path = HungrifyApp.swift; sourceTree = "<group>"; };
		71FBDCCB274801B600398E07 /* RecipesView.swift */ = {isa = PBXFileReference; lastKnownFileType = sourcecode.swift; path = RecipesView.swift; sourceTree = "<group>"; };
		71FBDCCD274801B800398E07 /* Assets.xcassets */ = {isa = PBXFileReference; lastKnownFileType = folder.assetcatalog; path = Assets.xcassets; sourceTree = "<group>"; };
		71FBDCD0274801B800398E07 /* Preview Assets.xcassets */ = {isa = PBXFileReference; lastKnownFileType = folder.assetcatalog; path = "Preview Assets.xcassets"; sourceTree = "<group>"; };
		71FBDCD727491DF000398E07 /* OnBoardingView.swift */ = {isa = PBXFileReference; lastKnownFileType = sourcecode.swift; path = OnBoardingView.swift; sourceTree = "<group>"; };
		71FBDCDB274B922000398E07 /* FilterButtonView.swift */ = {isa = PBXFileReference; lastKnownFileType = sourcecode.swift; path = FilterButtonView.swift; sourceTree = "<group>"; };
/* End PBXFileReference section */

/* Begin PBXFrameworksBuildPhase section */
		71FBDCC3274801B600398E07 /* Frameworks */ = {
			isa = PBXFrameworksBuildPhase;
			buildActionMask = 2147483647;
			files = (
			);
			runOnlyForDeploymentPostprocessing = 0;
		};
/* End PBXFrameworksBuildPhase section */

/* Begin PBXGroup section */
		71DB6E42274C26C3000DB4AF /* Created Components */ = {
			isa = PBXGroup;
			children = (
				71FBDCDB274B922000398E07 /* FilterButtonView.swift */,
				71DB6E40274C1B86000DB4AF /* BarraPreferiti.swift */,
			);
			path = "Created Components";
			sourceTree = "<group>";
		};
		71DB6E45274C2785000DB4AF /* Sub Views */ = {
			isa = PBXGroup;
			children = (
				71DB6E46274CDFAD000DB4AF /* RandomRecipeView.swift */,
				71DB6E48274D0875000DB4AF /* FullRecipe.swift */,
				71FBDCD727491DF000398E07 /* OnBoardingView.swift */,
				71DB6E3E274BA7DA000DB4AF /* Settings.swift */,
			);
			path = "Sub Views";
			sourceTree = "<group>";
		};
		71FBDCBD274801B600398E07 = {
			isa = PBXGroup;
			children = (
				71FBDCC8274801B600398E07 /* Hungrify */,
				71FBDCC7274801B600398E07 /* Products */,
			);
			sourceTree = "<group>";
		};
		71FBDCC7274801B600398E07 /* Products */ = {
			isa = PBXGroup;
			children = (
				71FBDCC6274801B600398E07 /* Hungrify.app */,
			);
			name = Products;
			sourceTree = "<group>";
		};
		71FBDCC8274801B600398E07 /* Hungrify */ = {
			isa = PBXGroup;
			children = (
				71FBDCC9274801B600398E07 /* HungrifyApp.swift */,
				71FBDCDA274965AB00398E07 /* Model */,
				71FBDCD92749658E00398E07 /* Views */,
				71FBDCCD274801B800398E07 /* Assets.xcassets */,
				71FBDCCF274801B800398E07 /* Preview Content */,
			);
			path = Hungrify;
			sourceTree = "<group>";
		};
		71FBDCCF274801B800398E07 /* Preview Content */ = {
			isa = PBXGroup;
			children = (
				71FBDCD0274801B800398E07 /* Preview Assets.xcassets */,
			);
			path = "Preview Content";
			sourceTree = "<group>";
		};
		71FBDCD92749658E00398E07 /* Views */ = {
			isa = PBXGroup;
			children = (
				71FBDCCB274801B600398E07 /* RecipesView.swift */,
				71DB6E43274C276F000DB4AF /* FavoritesView.swift */,
				71DB6E45274C2785000DB4AF /* Sub Views */,
				71DB6E42274C26C3000DB4AF /* Created Components */,
			);
			path = Views;
			sourceTree = "<group>";
		};
		71FBDCDA274965AB00398E07 /* Model */ = {
			isa = PBXGroup;
			children = (
				71DB6E4A274D25A1000DB4AF /* Ricetta.swift */,
				71DB6E4C274D25B7000DB4AF /* RicettaStore.swift */,
			);
			path = Model;
			sourceTree = "<group>";
		};
/* End PBXGroup section */

/* Begin PBXNativeTarget section */
		71FBDCC5274801B600398E07 /* Hungrify */ = {
			isa = PBXNativeTarget;
			buildConfigurationList = 71FBDCD4274801B800398E07 /* Build configuration list for PBXNativeTarget "Hungrify" */;
			buildPhases = (
				71FBDCC2274801B600398E07 /* Sources */,
				71FBDCC3274801B600398E07 /* Frameworks */,
				71FBDCC4274801B600398E07 /* Resources */,
			);
			buildRules = (
			);
			dependencies = (
			);
			name = Hungrify;
			productName = Foodify;
			productReference = 71FBDCC6274801B600398E07 /* Hungrify.app */;
			productType = "com.apple.product-type.application";
		};
/* End PBXNativeTarget section */

/* Begin PBXProject section */
		71FBDCBE274801B600398E07 /* Project object */ = {
			isa = PBXProject;
			attributes = {
				BuildIndependentTargetsInParallel = 1;
				LastSwiftUpdateCheck = 1310;
				LastUpgradeCheck = 1310;
				TargetAttributes = {
					71FBDCC5274801B600398E07 = {
						CreatedOnToolsVersion = 13.1;
					};
				};
			};
			buildConfigurationList = 71FBDCC1274801B600398E07 /* Build configuration list for PBXProject "Hungrify" */;
			compatibilityVersion = "Xcode 13.0";
			developmentRegion = en;
			hasScannedForEncodings = 0;
			knownRegions = (
				en,
				Base,
			);
			mainGroup = 71FBDCBD274801B600398E07;
			productRefGroup = 71FBDCC7274801B600398E07 /* Products */;
			projectDirPath = "";
			projectRoot = "";
			targets = (
				71FBDCC5274801B600398E07 /* Hungrify */,
			);
		};
/* End PBXProject section */

/* Begin PBXResourcesBuildPhase section */
		71FBDCC4274801B600398E07 /* Resources */ = {
			isa = PBXResourcesBuildPhase;
			buildActionMask = 2147483647;
			files = (
				71FBDCD1274801B800398E07 /* Preview Assets.xcassets in Resources */,
				71FBDCCE274801B800398E07 /* Assets.xcassets in Resources */,
			);
			runOnlyForDeploymentPostprocessing = 0;
		};
/* End PBXResourcesBuildPhase section */

/* Begin PBXSourcesBuildPhase section */
		71FBDCC2274801B600398E07 /* Sources */ = {
			isa = PBXSourcesBuildPhase;
			buildActionMask = 2147483647;
			files = (
				71DB6E4B274D25A1000DB4AF /* Ricetta.swift in Sources */,
				71DB6E49274D0875000DB4AF /* FullRecipe.swift in Sources */,
				71DB6E41274C1B86000DB4AF /* BarraPreferiti.swift in Sources */,
				71FBDCD827491DF000398E07 /* OnBoardingView.swift in Sources */,
				71FBDCCC274801B600398E07 /* RecipesView.swift in Sources */,
				71FBDCCA274801B600398E07 /* HungrifyApp.swift in Sources */,
				71DB6E44274C276F000DB4AF /* FavoritesView.swift in Sources */,
				71FBDCDC274B922000398E07 /* FilterButtonView.swift in Sources */,
				71DB6E47274CDFAD000DB4AF /* RandomRecipeView.swift in Sources */,
				71DB6E4D274D25B7000DB4AF /* RicettaStore.swift in Sources */,
				71DB6E3F274BA7DA000DB4AF /* Settings.swift in Sources */,
			);
			runOnlyForDeploymentPostprocessing = 0;
		};
/* End PBXSourcesBuildPhase section */

/* Begin XCBuildConfiguration section */
		71FBDCD2274801B800398E07 /* Debug */ = {
			isa = XCBuildConfiguration;
			buildSettings = {
				ALWAYS_SEARCH_USER_PATHS = NO;
				CLANG_ANALYZER_NONNULL = YES;
				CLANG_ANALYZER_NUMBER_OBJECT_CONVERSION = YES_AGGRESSIVE;
				CLANG_CXX_LANGUAGE_STANDARD = "gnu++17";
				CLANG_CXX_LIBRARY = "libc++";
				CLANG_ENABLE_MODULES = YES;
				CLANG_ENABLE_OBJC_ARC = YES;
				CLANG_ENABLE_OBJC_WEAK = YES;
				CLANG_WARN_BLOCK_CAPTURE_AUTORELEASING = YES;
				CLANG_WARN_BOOL_CONVERSION = YES;
				CLANG_WARN_COMMA = YES;
				CLANG_WARN_CONSTANT_CONVERSION = YES;
				CLANG_WARN_DEPRECATED_OBJC_IMPLEMENTATIONS = YES;
				CLANG_WARN_DIRECT_OBJC_ISA_USAGE = YES_ERROR;
				CLANG_WARN_DOCUMENTATION_COMMENTS = YES;
				CLANG_WARN_EMPTY_BODY = YES;
				CLANG_WARN_ENUM_CONVERSION = YES;
				CLANG_WARN_INFINITE_RECURSION = YES;
				CLANG_WARN_INT_CONVERSION = YES;
				CLANG_WARN_NON_LITERAL_NULL_CONVERSION = YES;
				CLANG_WARN_OBJC_IMPLICIT_RETAIN_SELF = YES;
				CLANG_WARN_OBJC_LITERAL_CONVERSION = YES;
				CLANG_WARN_OBJC_ROOT_CLASS = YES_ERROR;
				CLANG_WARN_QUOTED_INCLUDE_IN_FRAMEWORK_HEADER = YES;
				CLANG_WARN_RANGE_LOOP_ANALYSIS = YES;
				CLANG_WARN_STRICT_PROTOTYPES = YES;
				CLANG_WARN_SUSPICIOUS_MOVE = YES;
				CLANG_WARN_UNGUARDED_AVAILABILITY = YES_AGGRESSIVE;
				CLANG_WARN_UNREACHABLE_CODE = YES;
				CLANG_WARN__DUPLICATE_METHOD_MATCH = YES;
				COPY_PHASE_STRIP = NO;
				DEBUG_INFORMATION_FORMAT = dwarf;
				ENABLE_STRICT_OBJC_MSGSEND = YES;
				ENABLE_TESTABILITY = YES;
				GCC_C_LANGUAGE_STANDARD = gnu11;
				GCC_DYNAMIC_NO_PIC = NO;
				GCC_NO_COMMON_BLOCKS = YES;
				GCC_OPTIMIZATION_LEVEL = 0;
				GCC_PREPROCESSOR_DEFINITIONS = (
					"DEBUG=1",
					"$(inherited)",
				);
				GCC_WARN_64_TO_32_BIT_CONVERSION = YES;
				GCC_WARN_ABOUT_RETURN_TYPE = YES_ERROR;
				GCC_WARN_UNDECLARED_SELECTOR = YES;
				GCC_WARN_UNINITIALIZED_AUTOS = YES_AGGRESSIVE;
				GCC_WARN_UNUSED_FUNCTION = YES;
				GCC_WARN_UNUSED_VARIABLE = YES;
				IPHONEOS_DEPLOYMENT_TARGET = 15.0;
				MTL_ENABLE_DEBUG_INFO = INCLUDE_SOURCE;
				MTL_FAST_MATH = YES;
				ONLY_ACTIVE_ARCH = YES;
				SDKROOT = iphoneos;
				SWIFT_ACTIVE_COMPILATION_CONDITIONS = DEBUG;
				SWIFT_OPTIMIZATION_LEVEL = "-Onone";
			};
			name = Debug;
		};
		71FBDCD3274801B800398E07 /* Release */ = {
			isa = XCBuildConfiguration;
			buildSettings = {
				ALWAYS_SEARCH_USER_PATHS = NO;
				CLANG_ANALYZER_NONNULL = YES;
				CLANG_ANALYZER_NUMBER_OBJECT_CONVERSION = YES_AGGRESSIVE;
				CLANG_CXX_LANGUAGE_STANDARD = "gnu++17";
				CLANG_CXX_LIBRARY = "libc++";
				CLANG_ENABLE_MODULES = YES;
				CLANG_ENABLE_OBJC_ARC = YES;
				CLANG_ENABLE_OBJC_WEAK = YES;
				CLANG_WARN_BLOCK_CAPTURE_AUTORELEASING = YES;
				CLANG_WARN_BOOL_CONVERSION = YES;
				CLANG_WARN_COMMA = YES;
				CLANG_WARN_CONSTANT_CONVERSION = YES;
				CLANG_WARN_DEPRECATED_OBJC_IMPLEMENTATIONS = YES;
				CLANG_WARN_DIRECT_OBJC_ISA_USAGE = YES_ERROR;
				CLANG_WARN_DOCUMENTATION_COMMENTS = YES;
				CLANG_WARN_EMPTY_BODY = YES;
				CLANG_WARN_ENUM_CONVERSION = YES;
				CLANG_WARN_INFINITE_RECURSION = YES;
				CLANG_WARN_INT_CONVERSION = YES;
				CLANG_WARN_NON_LITERAL_NULL_CONVERSION = YES;
				CLANG_WARN_OBJC_IMPLICIT_RETAIN_SELF = YES;
				CLANG_WARN_OBJC_LITERAL_CONVERSION = YES;
				CLANG_WARN_OBJC_ROOT_CLASS = YES_ERROR;
				CLANG_WARN_QUOTED_INCLUDE_IN_FRAMEWORK_HEADER = YES;
				CLANG_WARN_RANGE_LOOP_ANALYSIS = YES;
				CLANG_WARN_STRICT_PROTOTYPES = YES;
				CLANG_WARN_SUSPICIOUS_MOVE = YES;
				CLANG_WARN_UNGUARDED_AVAILABILITY = YES_AGGRESSIVE;
				CLANG_WARN_UNREACHABLE_CODE = YES;
				CLANG_WARN__DUPLICATE_METHOD_MATCH = YES;
				COPY_PHASE_STRIP = NO;
				DEBUG_INFORMATION_FORMAT = "dwarf-with-dsym";
				ENABLE_NS_ASSERTIONS = NO;
				ENABLE_STRICT_OBJC_MSGSEND = YES;
				GCC_C_LANGUAGE_STANDARD = gnu11;
				GCC_NO_COMMON_BLOCKS = YES;
				GCC_WARN_64_TO_32_BIT_CONVERSION = YES;
				GCC_WARN_ABOUT_RETURN_TYPE = YES_ERROR;
				GCC_WARN_UNDECLARED_SELECTOR = YES;
				GCC_WARN_UNINITIALIZED_AUTOS = YES_AGGRESSIVE;
				GCC_WARN_UNUSED_FUNCTION = YES;
				GCC_WARN_UNUSED_VARIABLE = YES;
				IPHONEOS_DEPLOYMENT_TARGET = 15.0;
				MTL_ENABLE_DEBUG_INFO = NO;
				MTL_FAST_MATH = YES;
				SDKROOT = iphoneos;
				SWIFT_COMPILATION_MODE = wholemodule;
				SWIFT_OPTIMIZATION_LEVEL = "-O";
				VALIDATE_PRODUCT = YES;
			};
			name = Release;
		};
		71FBDCD5274801B800398E07 /* Debug */ = {
			isa = XCBuildConfiguration;
			buildSettings = {
				ASSETCATALOG_COMPILER_APPICON_NAME = AppIcon;
				ASSETCATALOG_COMPILER_GLOBAL_ACCENT_COLOR_NAME = AccentColor;
				CODE_SIGN_STYLE = Automatic;
				CURRENT_PROJECT_VERSION = 1;
				DEVELOPMENT_ASSET_PATHS = "\"Hungrify/Preview Content\"";
				DEVELOPMENT_TEAM = WK692DVRUX;
				ENABLE_PREVIEWS = YES;
				GENERATE_INFOPLIST_FILE = YES;
				INFOPLIST_KEY_UIApplicationSceneManifest_Generation = YES;
				INFOPLIST_KEY_UIApplicationSupportsIndirectInputEvents = YES;
				INFOPLIST_KEY_UILaunchScreen_Generation = YES;
				INFOPLIST_KEY_UISupportedInterfaceOrientations_iPad = "UIInterfaceOrientationPortrait UIInterfaceOrientationPortraitUpsideDown UIInterfaceOrientationLandscapeLeft UIInterfaceOrientationLandscapeRight";
				INFOPLIST_KEY_UISupportedInterfaceOrientations_iPhone = "UIInterfaceOrientationPortrait UIInterfaceOrientationLandscapeLeft UIInterfaceOrientationLandscapeRight";
				IPHONEOS_DEPLOYMENT_TARGET = 14.7;
				LD_RUNPATH_SEARCH_PATHS = (
					"$(inherited)",
					"@executable_path/Frameworks",
				);
				MARKETING_VERSION = 1.0;
				PRODUCT_BUNDLE_IDENTIFIER = AntonioScognamiglio.Foodify;
				PRODUCT_NAME = Hungrify;
				SWIFT_EMIT_LOC_STRINGS = YES;
				SWIFT_VERSION = 5.0;
				TARGETED_DEVICE_FAMILY = "1,2";
			};
			name = Debug;
		};
		71FBDCD6274801B800398E07 /* Release */ = {
			isa = XCBuildConfiguration;
			buildSettings = {
				ASSETCATALOG_COMPILER_APPICON_NAME = AppIcon;
				ASSETCATALOG_COMPILER_GLOBAL_ACCENT_COLOR_NAME = AccentColor;
				CODE_SIGN_STYLE = Automatic;
				CURRENT_PROJECT_VERSION = 1;
				DEVELOPMENT_ASSET_PATHS = "\"Hungrify/Preview Content\"";
				DEVELOPMENT_TEAM = WK692DVRUX;
				ENABLE_PREVIEWS = YES;
				GENERATE_INFOPLIST_FILE = YES;
				INFOPLIST_KEY_UIApplicationSceneManifest_Generation = YES;
				INFOPLIST_KEY_UIApplicationSupportsIndirectInputEvents = YES;
				INFOPLIST_KEY_UILaunchScreen_Generation = YES;
				INFOPLIST_KEY_UISupportedInterfaceOrientations_iPad = "UIInterfaceOrientationPortrait UIInterfaceOrientationPortraitUpsideDown UIInterfaceOrientationLandscapeLeft UIInterfaceOrientationLandscapeRight";
				INFOPLIST_KEY_UISupportedInterfaceOrientations_iPhone = "UIInterfaceOrientationPortrait UIInterfaceOrientationLandscapeLeft UIInterfaceOrientationLandscapeRight";
				IPHONEOS_DEPLOYMENT_TARGET = 14.7;
				LD_RUNPATH_SEARCH_PATHS = (
					"$(inherited)",
					"@executable_path/Frameworks",
				);
				MARKETING_VERSION = 1.0;
				PRODUCT_BUNDLE_IDENTIFIER = AntonioScognamiglio.Foodify;
				PRODUCT_NAME = Hungrify;
				SWIFT_EMIT_LOC_STRINGS = YES;
				SWIFT_VERSION = 5.0;
				TARGETED_DEVICE_FAMILY = "1,2";
			};
			name = Release;
		};
/* End XCBuildConfiguration section */

/* Begin XCConfigurationList section */
		71FBDCC1274801B600398E07 /* Build configuration list for PBXProject "Hungrify" */ = {
			isa = XCConfigurationList;
			buildConfigurations = (
				71FBDCD2274801B800398E07 /* Debug */,
				71FBDCD3274801B800398E07 /* Release */,
			);
			defaultConfigurationIsVisible = 0;
			defaultConfigurationName = Release;
		};
		71FBDCD4274801B800398E07 /* Build configuration list for PBXNativeTarget "Hungrify" */ = {
			isa = XCConfigurationList;
			buildConfigurations = (
				71FBDCD5274801B800398E07 /* Debug */,
				71FBDCD6274801B800398E07 /* Release */,
			);
			defaultConfigurationIsVisible = 0;
			defaultConfigurationName = Release;
		};
/* End XCConfigurationList section */
	};
	rootObject = 71FBDCBE274801B600398E07 /* Project object */;
}
